// !$*UTF8*$!
{
	archiveVersion = 1;
	classes = {
	};
	objectVersion = 46;
	objects = {

/* Begin PBXBuildFile section */
		1FC40FB419B1490700EF3BF8 /* bezier.c in Sources */ = {isa = PBXBuildFile; fileRef = 1FC40FAC19B1490700EF3BF8 /* bezier.c */; };
		1FC40FB519B1490700EF3BF8 /* drawing.c in Sources */ = {isa = PBXBuildFile; fileRef = 1FC40FAE19B1490700EF3BF8 /* drawing.c */; };
		1FC40FB719B1490700EF3BF8 /* permutations.c in Sources */ = {isa = PBXBuildFile; fileRef = 1FC40FB119B1490700EF3BF8 /* permutations.c */; };
		1FC40FB819B1490700EF3BF8 /* rubik.c in Sources */ = {isa = PBXBuildFile; fileRef = 1FC40FB319B1490700EF3BF8 /* rubik.c */; };
		1FC40FBB19B14A5D00EF3BF8 /* GLKit.framework in Frameworks */ = {isa = PBXBuildFile; fileRef = 1FC40FBA19B14A5D00EF3BF8 /* GLKit.framework */; };
		1FC40FBD19B14A6900EF3BF8 /* GLUT.framework in Frameworks */ = {isa = PBXBuildFile; fileRef = 1FC40FBC19B14A6900EF3BF8 /* GLUT.framework */; };
		1FC40FC019B14A8500EF3BF8 /* shapes.c in Sources */ = {isa = PBXBuildFile; fileRef = 1FC40FBE19B14A8500EF3BF8 /* shapes.c */; };
		1FC40FC319B14B3400EF3BF8 /* SOIL.c in Sources */ = {isa = PBXBuildFile; fileRef = 1FC40FC119B14B3400EF3BF8 /* SOIL.c */; };
		1FC40FCA19B14D3E00EF3BF8 /* image_DXT.c in Sources */ = {isa = PBXBuildFile; fileRef = 1FC40FC419B14D3E00EF3BF8 /* image_DXT.c */; };
		1FC40FCB19B14D3E00EF3BF8 /* image_helper.c in Sources */ = {isa = PBXBuildFile; fileRef = 1FC40FC619B14D3E00EF3BF8 /* image_helper.c */; };
		1FC40FCC19B14D3E00EF3BF8 /* imaging.c in Sources */ = {isa = PBXBuildFile; fileRef = 1FC40FC819B14D3E00EF3BF8 /* imaging.c */; };
		1FC40FCE19B158CF00EF3BF8 /* CoreFoundation.framework in Frameworks */ = {isa = PBXBuildFile; fileRef = 1FC40FCD19B158CF00EF3BF8 /* CoreFoundation.framework */; };
		1FC40FD119B15A7800EF3BF8 /* stb_image_aug.c in Sources */ = {isa = PBXBuildFile; fileRef = 1FC40FCF19B15A7800EF3BF8 /* stb_image_aug.c */; };
/* End PBXBuildFile section */

/* Begin PBXCopyFilesBuildPhase section */
		1FC40F9E19B147EF00EF3BF8 /* CopyFiles */ = {
			isa = PBXCopyFilesBuildPhase;
			buildActionMask = 2147483647;
			dstPath = /usr/share/man/man1/;
			dstSubfolderSpec = 0;
			files = (
			);
			runOnlyForDeploymentPostprocessing = 1;
		};
/* End PBXCopyFilesBuildPhase section */

/* Begin PBXFileReference section */
		1FC40FA019B147EF00EF3BF8 /* Rubik */ = {isa = PBXFileReference; explicitFileType = "compiled.mach-o.executable"; includeInIndex = 0; path = Rubik; sourceTree = BUILT_PRODUCTS_DIR; };
		1FC40FAC19B1490700EF3BF8 /* bezier.c */ = {isa = PBXFileReference; fileEncoding = 4; lastKnownFileType = sourcecode.c.c; path = bezier.c; sourceTree = "<group>"; };
		1FC40FAD19B1490700EF3BF8 /* bezier.h */ = {isa = PBXFileReference; fileEncoding = 4; lastKnownFileType = sourcecode.c.h; path = bezier.h; sourceTree = "<group>"; };
		1FC40FAE19B1490700EF3BF8 /* drawing.c */ = {isa = PBXFileReference; fileEncoding = 4; lastKnownFileType = sourcecode.c.c; path = drawing.c; sourceTree = "<group>"; };
		1FC40FB119B1490700EF3BF8 /* permutations.c */ = {isa = PBXFileReference; fileEncoding = 4; lastKnownFileType = sourcecode.c.c; path = permutations.c; sourceTree = "<group>"; };
		1FC40FB219B1490700EF3BF8 /* permutations.h */ = {isa = PBXFileReference; fileEncoding = 4; lastKnownFileType = sourcecode.c.h; path = permutations.h; sourceTree = "<group>"; };
		1FC40FB319B1490700EF3BF8 /* rubik.c */ = {isa = PBXFileReference; fileEncoding = 4; lastKnownFileType = sourcecode.c.c; path = rubik.c; sourceTree = "<group>"; };
		1FC40FB919B1491500EF3BF8 /* drawing.h */ = {isa = PBXFileReference; fileEncoding = 4; lastKnownFileType = sourcecode.c.h; path = drawing.h; sourceTree = "<group>"; };
		1FC40FBA19B14A5D00EF3BF8 /* GLKit.framework */ = {isa = PBXFileReference; lastKnownFileType = wrapper.framework; name = GLKit.framework; path = System/Library/Frameworks/GLKit.framework; sourceTree = SDKROOT; };
		1FC40FBC19B14A6900EF3BF8 /* GLUT.framework */ = {isa = PBXFileReference; lastKnownFileType = wrapper.framework; name = GLUT.framework; path = System/Library/Frameworks/GLUT.framework; sourceTree = SDKROOT; };
		1FC40FBE19B14A8500EF3BF8 /* shapes.c */ = {isa = PBXFileReference; fileEncoding = 4; lastKnownFileType = sourcecode.c.c; path = shapes.c; sourceTree = "<group>"; };
		1FC40FBF19B14A8500EF3BF8 /* shapes.h */ = {isa = PBXFileReference; fileEncoding = 4; lastKnownFileType = sourcecode.c.h; path = shapes.h; sourceTree = "<group>"; };
		1FC40FC119B14B3400EF3BF8 /* SOIL.c */ = {isa = PBXFileReference; fileEncoding = 4; lastKnownFileType = sourcecode.c.c; path = SOIL.c; sourceTree = "<group>"; };
		1FC40FC219B14B3400EF3BF8 /* SOIL.h */ = {isa = PBXFileReference; fileEncoding = 4; lastKnownFileType = sourcecode.c.h; path = SOIL.h; sourceTree = "<group>"; };
		1FC40FC419B14D3E00EF3BF8 /* image_DXT.c */ = {isa = PBXFileReference; fileEncoding = 4; lastKnownFileType = sourcecode.c.c; path = image_DXT.c; sourceTree = "<group>"; };
		1FC40FC519B14D3E00EF3BF8 /* image_DXT.h */ = {isa = PBXFileReference; fileEncoding = 4; lastKnownFileType = sourcecode.c.h; path = image_DXT.h; sourceTree = "<group>"; };
		1FC40FC619B14D3E00EF3BF8 /* image_helper.c */ = {isa = PBXFileReference; fileEncoding = 4; lastKnownFileType = sourcecode.c.c; path = image_helper.c; sourceTree = "<group>"; };
		1FC40FC719B14D3E00EF3BF8 /* image_helper.h */ = {isa = PBXFileReference; fileEncoding = 4; lastKnownFileType = sourcecode.c.h; path = image_helper.h; sourceTree = "<group>"; };
		1FC40FC819B14D3E00EF3BF8 /* imaging.c */ = {isa = PBXFileReference; fileEncoding = 4; lastKnownFileType = sourcecode.c.c; path = imaging.c; sourceTree = "<group>"; };
		1FC40FC919B14D3E00EF3BF8 /* imaging.h */ = {isa = PBXFileReference; fileEncoding = 4; lastKnownFileType = sourcecode.c.h; path = imaging.h; sourceTree = "<group>"; };
		1FC40FCD19B158CF00EF3BF8 /* CoreFoundation.framework */ = {isa = PBXFileReference; lastKnownFileType = wrapper.framework; name = CoreFoundation.framework; path = System/Library/Frameworks/CoreFoundation.framework; sourceTree = SDKROOT; };
		1FC40FCF19B15A7800EF3BF8 /* stb_image_aug.c */ = {isa = PBXFileReference; fileEncoding = 4; lastKnownFileType = sourcecode.c.c; path = stb_image_aug.c; sourceTree = "<group>"; };
		1FC40FD019B15A7800EF3BF8 /* stb_image_aug.h */ = {isa = PBXFileReference; fileEncoding = 4; lastKnownFileType = sourcecode.c.h; path = stb_image_aug.h; sourceTree = "<group>"; };
/* End PBXFileReference section */

/* Begin PBXFrameworksBuildPhase section */
		1FC40F9D19B147EF00EF3BF8 /* Frameworks */ = {
			isa = PBXFrameworksBuildPhase;
			buildActionMask = 2147483647;
			files = (
				1FC40FCE19B158CF00EF3BF8 /* CoreFoundation.framework in Frameworks */,
				1FC40FBD19B14A6900EF3BF8 /* GLUT.framework in Frameworks */,
				1FC40FBB19B14A5D00EF3BF8 /* GLKit.framework in Frameworks */,
			);
			runOnlyForDeploymentPostprocessing = 0;
		};
/* End PBXFrameworksBuildPhase section */

/* Begin PBXGroup section */
		1FC40F9719B147EF00EF3BF8 = {
			isa = PBXGroup;
			children = (
				1FC40FCD19B158CF00EF3BF8 /* CoreFoundation.framework */,
				1FC40FBC19B14A6900EF3BF8 /* GLUT.framework */,
				1FC40FBA19B14A5D00EF3BF8 /* GLKit.framework */,
				1FC40FA219B147EF00EF3BF8 /* Rubik */,
				1FC40FA119B147EF00EF3BF8 /* Products */,
			);
			sourceTree = "<group>";
		};
		1FC40FA119B147EF00EF3BF8 /* Products */ = {
			isa = PBXGroup;
			children = (
				1FC40FA019B147EF00EF3BF8 /* Rubik */,
			);
			name = Products;
			sourceTree = "<group>";
		};
		1FC40FA219B147EF00EF3BF8 /* Rubik */ = {
			isa = PBXGroup;
			children = (
				1FC40FCF19B15A7800EF3BF8 /* stb_image_aug.c */,
				1FC40FD019B15A7800EF3BF8 /* stb_image_aug.h */,
				1FC40FC419B14D3E00EF3BF8 /* image_DXT.c */,
				1FC40FC519B14D3E00EF3BF8 /* image_DXT.h */,
				1FC40FC619B14D3E00EF3BF8 /* image_helper.c */,
				1FC40FC719B14D3E00EF3BF8 /* image_helper.h */,
				1FC40FC819B14D3E00EF3BF8 /* imaging.c */,
				1FC40FC919B14D3E00EF3BF8 /* imaging.h */,
				1FC40FC119B14B3400EF3BF8 /* SOIL.c */,
				1FC40FC219B14B3400EF3BF8 /* SOIL.h */,
				1FC40FBE19B14A8500EF3BF8 /* shapes.c */,
				1FC40FBF19B14A8500EF3BF8 /* shapes.h */,
				1FC40FAC19B1490700EF3BF8 /* bezier.c */,
				1FC40FAD19B1490700EF3BF8 /* bezier.h */,
				1FC40FAE19B1490700EF3BF8 /* drawing.c */,
				1FC40FB919B1491500EF3BF8 /* drawing.h */,
				1FC40FB119B1490700EF3BF8 /* permutations.c */,
				1FC40FB219B1490700EF3BF8 /* permutations.h */,
				1FC40FB319B1490700EF3BF8 /* rubik.c */,
			);
			path = Rubik;
			sourceTree = "<group>";
		};
/* End PBXGroup section */

/* Begin PBXNativeTarget section */
		1FC40F9F19B147EF00EF3BF8 /* Rubik */ = {
			isa = PBXNativeTarget;
			buildConfigurationList = 1FC40FA919B147EF00EF3BF8 /* Build configuration list for PBXNativeTarget "Rubik" */;
			buildPhases = (
				1FC40F9C19B147EF00EF3BF8 /* Sources */,
				1FC40F9D19B147EF00EF3BF8 /* Frameworks */,
				1FC40F9E19B147EF00EF3BF8 /* CopyFiles */,
			);
			buildRules = (
			);
			dependencies = (
			);
			name = Rubik;
			productName = Rubik;
			productReference = 1FC40FA019B147EF00EF3BF8 /* Rubik */;
			productType = "com.apple.product-type.tool";
		};
/* End PBXNativeTarget section */

/* Begin PBXProject section */
		1FC40F9819B147EF00EF3BF8 /* Project object */ = {
			isa = PBXProject;
			attributes = {
				LastUpgradeCheck = 0510;
				ORGANIZATIONNAME = "Jeff Wood";
			};
			buildConfigurationList = 1FC40F9B19B147EF00EF3BF8 /* Build configuration list for PBXProject "Rubik" */;
			compatibilityVersion = "Xcode 3.2";
			developmentRegion = English;
			hasScannedForEncodings = 0;
			knownRegions = (
				en,
			);
			mainGroup = 1FC40F9719B147EF00EF3BF8;
			productRefGroup = 1FC40FA119B147EF00EF3BF8 /* Products */;
			projectDirPath = "";
			projectRoot = "";
			targets = (
				1FC40F9F19B147EF00EF3BF8 /* Rubik */,
			);
		};
/* End PBXProject section */

/* Begin PBXSourcesBuildPhase section */
		1FC40F9C19B147EF00EF3BF8 /* Sources */ = {
			isa = PBXSourcesBuildPhase;
			buildActionMask = 2147483647;
			files = (
				1FC40FB519B1490700EF3BF8 /* drawing.c in Sources */,
				1FC40FD119B15A7800EF3BF8 /* stb_image_aug.c in Sources */,
				1FC40FCB19B14D3E00EF3BF8 /* image_helper.c in Sources */,
				1FC40FB719B1490700EF3BF8 /* permutations.c in Sources */,
				1FC40FC319B14B3400EF3BF8 /* SOIL.c in Sources */,
				1FC40FC019B14A8500EF3BF8 /* shapes.c in Sources */,
				1FC40FCA19B14D3E00EF3BF8 /* image_DXT.c in Sources */,
				1FC40FB819B1490700EF3BF8 /* rubik.c in Sources */,
				1FC40FB419B1490700EF3BF8 /* bezier.c in Sources */,
				1FC40FCC19B14D3E00EF3BF8 /* imaging.c in Sources */,
			);
			runOnlyForDeploymentPostprocessing = 0;
		};
/* End PBXSourcesBuildPhase section */

/* Begin XCBuildConfiguration section */
		1FC40FA719B147EF00EF3BF8 /* Debug */ = {
			isa = XCBuildConfiguration;
			buildSettings = {
				ALWAYS_SEARCH_USER_PATHS = NO;
				CLANG_CXX_LANGUAGE_STANDARD = "gnu++0x";
				CLANG_CXX_LIBRARY = "libc++";
				CLANG_ENABLE_MODULES = YES;
				CLANG_ENABLE_OBJC_ARC = YES;
				CLANG_WARN_BOOL_CONVERSION = YES;
				CLANG_WARN_CONSTANT_CONVERSION = YES;
				CLANG_WARN_DIRECT_OBJC_ISA_USAGE = YES_ERROR;
				CLANG_WARN_EMPTY_BODY = YES;
				CLANG_WARN_ENUM_CONVERSION = YES;
				CLANG_WARN_INT_CONVERSION = YES;
				CLANG_WARN_OBJC_ROOT_CLASS = YES_ERROR;
				CLANG_WARN__DUPLICATE_METHOD_MATCH = YES;
				COPY_PHASE_STRIP = NO;
				GCC_C_LANGUAGE_STANDARD = gnu99;
				GCC_DYNAMIC_NO_PIC = NO;
				GCC_ENABLE_OBJC_EXCEPTIONS = YES;
				GCC_OPTIMIZATION_LEVEL = 3;
				GCC_PREPROCESSOR_DEFINITIONS = (
					"DEBUG=1",
					"$(inherited)",
				);
				GCC_SYMBOLS_PRIVATE_EXTERN = NO;
				GCC_WARN_64_TO_32_BIT_CONVERSION = YES;
				GCC_WARN_ABOUT_RETURN_TYPE = YES_ERROR;
				GCC_WARN_UNDECLARED_SELECTOR = YES;
				GCC_WARN_UNINITIALIZED_AUTOS = YES_AGGRESSIVE;
				GCC_WARN_UNUSED_FUNCTION = YES;
				GCC_WARN_UNUSED_VARIABLE = YES;
				MACOSX_DEPLOYMENT_TARGET = 10.8;
				ONLY_ACTIVE_ARCH = YES;
				SDKROOT = macosx;
			};
			name = Debug;
		};
		1FC40FA819B147EF00EF3BF8 /* Release */ = {
			isa = XCBuildConfiguration;
			buildSettings = {
				ALWAYS_SEARCH_USER_PATHS = NO;
				CLANG_CXX_LANGUAGE_STANDARD = "gnu++0x";
				CLANG_CXX_LIBRARY = "libc++";
				CLANG_ENABLE_MODULES = YES;
				CLANG_ENABLE_OBJC_ARC = YES;
				CLANG_WARN_BOOL_CONVERSION = YES;
				CLANG_WARN_CONSTANT_CONVERSION = YES;
				CLANG_WARN_DIRECT_OBJC_ISA_USAGE = YES_ERROR;
				CLANG_WARN_EMPTY_BODY = YES;
				CLANG_WARN_ENUM_CONVERSION = YES;
				CLANG_WARN_INT_CONVERSION = YES;
				CLANG_WARN_OBJC_ROOT_CLASS = YES_ERROR;
				CLANG_WARN__DUPLICATE_METHOD_MATCH = YES;
				COPY_PHASE_STRIP = YES;
				DEBUG_INFORMATION_FORMAT = "dwarf-with-dsym";
				ENABLE_NS_ASSERTIONS = NO;
				GCC_C_LANGUAGE_STANDARD = gnu99;
				GCC_ENABLE_OBJC_EXCEPTIONS = YES;
				GCC_WARN_64_TO_32_BIT_CONVERSION = YES;
				GCC_WARN_ABOUT_RETURN_TYPE = YES_ERROR;
				GCC_WARN_UNDECLARED_SELECTOR = YES;
				GCC_WARN_UNINITIALIZED_AUTOS = YES_AGGRESSIVE;
				GCC_WARN_UNUSED_FUNCTION = YES;
				GCC_WARN_UNUSED_VARIABLE = YES;
				MACOSX_DEPLOYMENT_TARGET = 10.8;
				ONLY_ACTIVE_ARCH = YES;
				SDKROOT = macosx;
			};
			name = Release;
		};
		1FC40FAA19B147EF00EF3BF8 /* Debug */ = {
			isa = XCBuildConfiguration;
			buildSettings = {
				PRODUCT_NAME = "$(TARGET_NAME)";
			};
			name = Debug;
		};
		1FC40FAB19B147EF00EF3BF8 /* Release */ = {
			isa = XCBuildConfiguration;
			buildSettings = {
				PRODUCT_NAME = "$(TARGET_NAME)";
			};
			name = Release;
		};
/* End XCBuildConfiguration section */

/* Begin XCConfigurationList section */
		1FC40F9B19B147EF00EF3BF8 /* Build configuration list for PBXProject "Rubik" */ = {
			isa = XCConfigurationList;
			buildConfigurations = (
				1FC40FA719B147EF00EF3BF8 /* Debug */,
				1FC40FA819B147EF00EF3BF8 /* Release */,
			);
			defaultConfigurationIsVisible = 0;
			defaultConfigurationName = Release;
		};
		1FC40FA919B147EF00EF3BF8 /* Build configuration list for PBXNativeTarget "Rubik" */ = {
			isa = XCConfigurationList;
			buildConfigurations = (
				1FC40FAA19B147EF00EF3BF8 /* Debug */,
				1FC40FAB19B147EF00EF3BF8 /* Release */,
			);
			defaultConfigurationIsVisible = 0;
			defaultConfigurationName = Release;
		};
/* End XCConfigurationList section */
	};
	rootObject = 1FC40F9819B147EF00EF3BF8 /* Project object */;
}
